// !$*UTF8*$!
{
	archiveVersion = 1;
	classes = {
	};
	objectVersion = 46;
	objects = {

/* Begin PBXBuildFile section */
		3E0D4EAF199DB1E0004A83EF /* AppDelegate.swift in Sources */ = {isa = PBXBuildFile; fileRef = 3E0D4EAE199DB1E0004A83EF /* AppDelegate.swift */; };
		3E0D4EB1199DB1E0004A83EF /* ViewController.swift in Sources */ = {isa = PBXBuildFile; fileRef = 3E0D4EB0199DB1E0004A83EF /* ViewController.swift */; };
		3E0D4EB4199DB1E0004A83EF /* Main.storyboard in Resources */ = {isa = PBXBuildFile; fileRef = 3E0D4EB2199DB1E0004A83EF /* Main.storyboard */; };
		3E0D4EB6199DB1E0004A83EF /* Images.xcassets in Resources */ = {isa = PBXBuildFile; fileRef = 3E0D4EB5199DB1E0004A83EF /* Images.xcassets */; };
		3E0D4EC2199DB1E0004A83EF /* CenteredAutoLayoutButtonTests.swift in Sources */ = {isa = PBXBuildFile; fileRef = 3E0D4EC1199DB1E0004A83EF /* CenteredAutoLayoutButtonTests.swift */; };
/* End PBXBuildFile section */

/* Begin PBXContainerItemProxy section */
		3E0D4EBC199DB1E0004A83EF /* PBXContainerItemProxy */ = {
			isa = PBXContainerItemProxy;
			containerPortal = 3E0D4EA1199DB1E0004A83EF /* Project object */;
			proxyType = 1;
			remoteGlobalIDString = 3E0D4EA8199DB1E0004A83EF;
			remoteInfo = CenteredAutoLayoutButton;
		};
/* End PBXContainerItemProxy section */

/* Begin PBXFileReference section */
		3E0D4EA9199DB1E0004A83EF /* CenteredAutoLayoutButton.app */ = {isa = PBXFileReference; explicitFileType = wrapper.application; includeInIndex = 0; path = CenteredAutoLayoutButton.app; sourceTree = BUILT_PRODUCTS_DIR; };
		3E0D4EAD199DB1E0004A83EF /* Info.plist */ = {isa = PBXFileReference; lastKnownFileType = text.plist.xml; path = Info.plist; sourceTree = "<group>"; };
		3E0D4EAE199DB1E0004A83EF /* AppDelegate.swift */ = {isa = PBXFileReference; lastKnownFileType = sourcecode.swift; path = AppDelegate.swift; sourceTree = "<group>"; };
		3E0D4EB0199DB1E0004A83EF /* ViewController.swift */ = {isa = PBXFileReference; lastKnownFileType = sourcecode.swift; path = ViewController.swift; sourceTree = "<group>"; };
		3E0D4EB3199DB1E0004A83EF /* Base */ = {isa = PBXFileReference; lastKnownFileType = file.storyboard; name = Base; path = Base.lproj/Main.storyboard; sourceTree = "<group>"; };
		3E0D4EB5199DB1E0004A83EF /* Images.xcassets */ = {isa = PBXFileReference; lastKnownFileType = folder.assetcatalog; path = Images.xcassets; sourceTree = "<group>"; };
		3E0D4EBB199DB1E0004A83EF /* CenteredAutoLayoutButtonTests.xctest */ = {isa = PBXFileReference; explicitFileType = wrapper.cfbundle; includeInIndex = 0; path = CenteredAutoLayoutButtonTests.xctest; sourceTree = BUILT_PRODUCTS_DIR; };
		3E0D4EC0199DB1E0004A83EF /* Info.plist */ = {isa = PBXFileReference; lastKnownFileType = text.plist.xml; path = Info.plist; sourceTree = "<group>"; };
		3E0D4EC1199DB1E0004A83EF /* CenteredAutoLayoutButtonTests.swift */ = {isa = PBXFileReference; lastKnownFileType = sourcecode.swift; path = CenteredAutoLayoutButtonTests.swift; sourceTree = "<group>"; };
/* End PBXFileReference section */

/* Begin PBXFrameworksBuildPhase section */
		3E0D4EA6199DB1E0004A83EF /* Frameworks */ = {
			isa = PBXFrameworksBuildPhase;
			buildActionMask = 2147483647;
			files = (
			);
			runOnlyForDeploymentPostprocessing = 0;
		};
		3E0D4EB8199DB1E0004A83EF /* Frameworks */ = {
			isa = PBXFrameworksBuildPhase;
			buildActionMask = 2147483647;
			files = (
			);
			runOnlyForDeploymentPostprocessing = 0;
		};
/* End PBXFrameworksBuildPhase section */

/* Begin PBXGroup section */
		3E0D4EA0199DB1E0004A83EF = {
			isa = PBXGroup;
			children = (
				3E0D4EAB199DB1E0004A83EF /* CenteredAutoLayoutButton */,
				3E0D4EBE199DB1E0004A83EF /* CenteredAutoLayoutButtonTests */,
				3E0D4EAA199DB1E0004A83EF /* Products */,
			);
			sourceTree = "<group>";
		};
		3E0D4EAA199DB1E0004A83EF /* Products */ = {
			isa = PBXGroup;
			children = (
				3E0D4EA9199DB1E0004A83EF /* CenteredAutoLayoutButton.app */,
				3E0D4EBB199DB1E0004A83EF /* CenteredAutoLayoutButtonTests.xctest */,
			);
			name = Products;
			sourceTree = "<group>";
		};
		3E0D4EAB199DB1E0004A83EF /* CenteredAutoLayoutButton */ = {
			isa = PBXGroup;
			children = (
				3E0D4EAE199DB1E0004A83EF /* AppDelegate.swift */,
				3E0D4EB0199DB1E0004A83EF /* ViewController.swift */,
				3E0D4EB2199DB1E0004A83EF /* Main.storyboard */,
				3E0D4EB5199DB1E0004A83EF /* Images.xcassets */,
				3E0D4EAC199DB1E0004A83EF /* Supporting Files */,
			);
			path = CenteredAutoLayoutButton;
			sourceTree = "<group>";
		};
		3E0D4EAC199DB1E0004A83EF /* Supporting Files */ = {
			isa = PBXGroup;
			children = (
				3E0D4EAD199DB1E0004A83EF /* Info.plist */,
			);
			name = "Supporting Files";
			sourceTree = "<group>";
		};
		3E0D4EBE199DB1E0004A83EF /* CenteredAutoLayoutButtonTests */ = {
			isa = PBXGroup;
			children = (
				3E0D4EC1199DB1E0004A83EF /* CenteredAutoLayoutButtonTests.swift */,
				3E0D4EBF199DB1E0004A83EF /* Supporting Files */,
			);
			path = CenteredAutoLayoutButtonTests;
			sourceTree = "<group>";
		};
		3E0D4EBF199DB1E0004A83EF /* Supporting Files */ = {
			isa = PBXGroup;
			children = (
				3E0D4EC0199DB1E0004A83EF /* Info.plist */,
			);
			name = "Supporting Files";
			sourceTree = "<group>";
		};
/* End PBXGroup section */

/* Begin PBXNativeTarget section */
		3E0D4EA8199DB1E0004A83EF /* CenteredAutoLayoutButton */ = {
			isa = PBXNativeTarget;
			buildConfigurationList = 3E0D4EC5199DB1E1004A83EF /* Build configuration list for PBXNativeTarget "CenteredAutoLayoutButton" */;
			buildPhases = (
				3E0D4EA5199DB1E0004A83EF /* Sources */,
				3E0D4EA6199DB1E0004A83EF /* Frameworks */,
				3E0D4EA7199DB1E0004A83EF /* Resources */,
			);
			buildRules = (
			);
			dependencies = (
			);
			name = CenteredAutoLayoutButton;
			productName = CenteredAutoLayoutButton;
			productReference = 3E0D4EA9199DB1E0004A83EF /* CenteredAutoLayoutButton.app */;
			productType = "com.apple.product-type.application";
		};
		3E0D4EBA199DB1E0004A83EF /* CenteredAutoLayoutButtonTests */ = {
			isa = PBXNativeTarget;
			buildConfigurationList = 3E0D4EC8199DB1E1004A83EF /* Build configuration list for PBXNativeTarget "CenteredAutoLayoutButtonTests" */;
			buildPhases = (
				3E0D4EB7199DB1E0004A83EF /* Sources */,
				3E0D4EB8199DB1E0004A83EF /* Frameworks */,
				3E0D4EB9199DB1E0004A83EF /* Resources */,
			);
			buildRules = (
			);
			dependencies = (
				3E0D4EBD199DB1E0004A83EF /* PBXTargetDependency */,
			);
			name = CenteredAutoLayoutButtonTests;
			productName = CenteredAutoLayoutButtonTests;
			productReference = 3E0D4EBB199DB1E0004A83EF /* CenteredAutoLayoutButtonTests.xctest */;
			productType = "com.apple.product-type.bundle.unit-test";
		};
/* End PBXNativeTarget section */

/* Begin PBXProject section */
		3E0D4EA1199DB1E0004A83EF /* Project object */ = {
			isa = PBXProject;
			attributes = {
				LastUpgradeCheck = 0600;
				ORGANIZATIONNAME = h4labs;
				TargetAttributes = {
					3E0D4EA8199DB1E0004A83EF = {
						CreatedOnToolsVersion = 6.0;
					};
					3E0D4EBA199DB1E0004A83EF = {
						CreatedOnToolsVersion = 6.0;
						TestTargetID = 3E0D4EA8199DB1E0004A83EF;
					};
				};
			};
			buildConfigurationList = 3E0D4EA4199DB1E0004A83EF /* Build configuration list for PBXProject "CenteredAutoLayoutButton" */;
			compatibilityVersion = "Xcode 3.2";
			developmentRegion = English;
			hasScannedForEncodings = 0;
			knownRegions = (
				en,
				Base,
			);
			mainGroup = 3E0D4EA0199DB1E0004A83EF;
			productRefGroup = 3E0D4EAA199DB1E0004A83EF /* Products */;
			projectDirPath = "";
			projectRoot = "";
			targets = (
				3E0D4EA8199DB1E0004A83EF /* CenteredAutoLayoutButton */,
				3E0D4EBA199DB1E0004A83EF /* CenteredAutoLayoutButtonTests */,
			);
		};
/* End PBXProject section */

/* Begin PBXResourcesBuildPhase section */
		3E0D4EA7199DB1E0004A83EF /* Resources */ = {
			isa = PBXResourcesBuildPhase;
			buildActionMask = 2147483647;
			files = (
				3E0D4EB4199DB1E0004A83EF /* Main.storyboard in Resources */,
				3E0D4EB6199DB1E0004A83EF /* Images.xcassets in Resources */,
			);
			runOnlyForDeploymentPostprocessing = 0;
		};
		3E0D4EB9199DB1E0004A83EF /* Resources */ = {
			isa = PBXResourcesBuildPhase;
			buildActionMask = 2147483647;
			files = (
			);
			runOnlyForDeploymentPostprocessing = 0;
		};
/* End PBXResourcesBuildPhase section */

/* Begin PBXSourcesBuildPhase section */
		3E0D4EA5199DB1E0004A83EF /* Sources */ = {
			isa = PBXSourcesBuildPhase;
			buildActionMask = 2147483647;
			files = (
				3E0D4EB1199DB1E0004A83EF /* ViewController.swift in Sources */,
				3E0D4EAF199DB1E0004A83EF /* AppDelegate.swift in Sources */,
			);
			runOnlyForDeploymentPostprocessing = 0;
		};
		3E0D4EB7199DB1E0004A83EF /* Sources */ = {
			isa = PBXSourcesBuildPhase;
			buildActionMask = 2147483647;
			files = (
				3E0D4EC2199DB1E0004A83EF /* CenteredAutoLayoutButtonTests.swift in Sources */,
			);
			runOnlyForDeploymentPostprocessing = 0;
		};
/* End PBXSourcesBuildPhase section */

/* Begin PBXTargetDependency section */
		3E0D4EBD199DB1E0004A83EF /* PBXTargetDependency */ = {
			isa = PBXTargetDependency;
			target = 3E0D4EA8199DB1E0004A83EF /* CenteredAutoLayoutButton */;
			targetProxy = 3E0D4EBC199DB1E0004A83EF /* PBXContainerItemProxy */;
		};
/* End PBXTargetDependency section */

/* Begin PBXVariantGroup section */
		3E0D4EB2199DB1E0004A83EF /* Main.storyboard */ = {
			isa = PBXVariantGroup;
			children = (
				3E0D4EB3199DB1E0004A83EF /* Base */,
			);
			name = Main.storyboard;
			sourceTree = "<group>";
		};
/* End PBXVariantGroup section */

/* Begin XCBuildConfiguration section */
		3E0D4EC3199DB1E1004A83EF /* Debug */ = {
			isa = XCBuildConfiguration;
			buildSettings = {
				ALWAYS_SEARCH_USER_PATHS = NO;
				CLANG_CXX_LANGUAGE_STANDARD = "gnu++0x";
				CLANG_CXX_LIBRARY = "libc++";
				CLANG_ENABLE_MODULES = YES;
				CLANG_ENABLE_OBJC_ARC = YES;
				CLANG_WARN_BOOL_CONVERSION = YES;
				CLANG_WARN_CONSTANT_CONVERSION = YES;
				CLANG_WARN_DIRECT_OBJC_ISA_USAGE = YES_ERROR;
				CLANG_WARN_EMPTY_BODY = YES;
				CLANG_WARN_ENUM_CONVERSION = YES;
				CLANG_WARN_INT_CONVERSION = YES;
				CLANG_WARN_OBJC_ROOT_CLASS = YES_ERROR;
				CLANG_WARN_UNREACHABLE_CODE = YES;
				CLANG_WARN__DUPLICATE_METHOD_MATCH = YES;
				"CODE_SIGN_IDENTITY[sdk=iphoneos*]" = "iPhone Developer";
				COPY_PHASE_STRIP = NO;
				ENABLE_STRICT_OBJC_MSGSEND = YES;
				GCC_C_LANGUAGE_STANDARD = gnu99;
				GCC_DYNAMIC_NO_PIC = NO;
				GCC_OPTIMIZATION_LEVEL = 0;
				GCC_PREPROCESSOR_DEFINITIONS = (
					"DEBUG=1",
					"$(inherited)",
				);
				GCC_SYMBOLS_PRIVATE_EXTERN = NO;
				GCC_WARN_64_TO_32_BIT_CONVERSION = YES;
				GCC_WARN_ABOUT_RETURN_TYPE = YES_ERROR;
				GCC_WARN_UNDECLARED_SELECTOR = YES;
				GCC_WARN_UNINITIALIZED_AUTOS = YES_AGGRESSIVE;
				GCC_WARN_UNUSED_FUNCTION = YES;
				GCC_WARN_UNUSED_VARIABLE = YES;
				IPHONEOS_DEPLOYMENT_TARGET = 8.0;
				MTL_ENABLE_DEBUG_INFO = YES;
				ONLY_ACTIVE_ARCH = YES;
				SDKROOT = iphoneos;
				SWIFT_OPTIMIZATION_LEVEL = "-Onone";
				TARGETED_DEVICE_FAMILY = "1,2";
			};
			name = Debug;
		};
		3E0D4EC4199DB1E1004A83EF /* Release */ = {
			isa = XCBuildConfiguration;
			buildSettings = {
				ALWAYS_SEARCH_USER_PATHS = NO;
				CLANG_CXX_LANGUAGE_STANDARD = "gnu++0x";
				CLANG_CXX_LIBRARY = "libc++";
				CLANG_ENABLE_MODULES = YES;
				CLANG_ENABLE_OBJC_ARC = YES;
				CLANG_WARN_BOOL_CONVERSION = YES;
				CLANG_WARN_CONSTANT_CONVERSION = YES;
				CLANG_WARN_DIRECT_OBJC_ISA_USAGE = YES_ERROR;
				CLANG_WARN_EMPTY_BODY = YES;
				CLANG_WARN_ENUM_CONVERSION = YES;
				CLANG_WARN_INT_CONVERSION = YES;
				CLANG_WARN_OBJC_ROOT_CLASS = YES_ERROR;
				CLANG_WARN_UNREACHABLE_CODE = YES;
				CLANG_WARN__DUPLICATE_METHOD_MATCH = YES;
				"CODE_SIGN_IDENTITY[sdk=iphoneos*]" = "iPhone Developer";
				COPY_PHASE_STRIP = YES;
				ENABLE_NS_ASSERTIONS = NO;
				ENABLE_STRICT_OBJC_MSGSEND = YES;
				GCC_C_LANGUAGE_STANDARD = gnu99;
				GCC_WARN_64_TO_32_BIT_CONVERSION = YES;
				GCC_WARN_ABOUT_RETURN_TYPE = YES_ERROR;
				GCC_WARN_UNDECLARED_SELECTOR = YES;
				GCC_WARN_UNINITIALIZED_AUTOS = YES_AGGRESSIVE;
				GCC_WARN_UNUSED_FUNCTION = YES;
				GCC_WARN_UNUSED_VARIABLE = YES;
				IPHONEOS_DEPLOYMENT_TARGET = 8.0;
				MTL_ENABLE_DEBUG_INFO = NO;
				SDKROOT = iphoneos;
				TARGETED_DEVICE_FAMILY = "1,2";
				VALIDATE_PRODUCT = YES;
			};
			name = Release;
		};
		3E0D4EC6199DB1E1004A83EF /* Debug */ = {
			isa = XCBuildConfiguration;
			buildSettings = {
				ASSETCATALOG_COMPILER_APPICON_NAME = AppIcon;
				ASSETCATALOG_COMPILER_LAUNCHIMAGE_NAME = LaunchImage;
				INFOPLIST_FILE = CenteredAutoLayoutButton/Info.plist;
				LD_RUNPATH_SEARCH_PATHS = "$(inherited) @executable_path/Frameworks";
				PRODUCT_NAME = "$(TARGET_NAME)";
			};
			name = Debug;
		};
		3E0D4EC7199DB1E1004A83EF /* Release */ = {
			isa = XCBuildConfiguration;
			buildSettings = {
				ASSETCATALOG_COMPILER_APPICON_NAME = AppIcon;
				ASSETCATALOG_COMPILER_LAUNCHIMAGE_NAME = LaunchImage;
				INFOPLIST_FILE = CenteredAutoLayoutButton/Info.plist;
				LD_RUNPATH_SEARCH_PATHS = "$(inherited) @executable_path/Frameworks";
				PRODUCT_NAME = "$(TARGET_NAME)";
			};
			name = Release;
		};
		3E0D4EC9199DB1E1004A83EF /* Debug */ = {
			isa = XCBuildConfiguration;
			buildSettings = {
				BUNDLE_LOADER = "$(TEST_HOST)";
				FRAMEWORK_SEARCH_PATHS = (
					"$(SDKROOT)/Developer/Library/Frameworks",
					"$(inherited)",
				);
				GCC_PREPROCESSOR_DEFINITIONS = (
					"DEBUG=1",
					"$(inherited)",
				);
				INFOPLIST_FILE = CenteredAutoLayoutButtonTests/Info.plist;
				LD_RUNPATH_SEARCH_PATHS = "$(inherited) @executable_path/Frameworks @loader_path/Frameworks";
				PRODUCT_NAME = "$(TARGET_NAME)";
				TEST_HOST = "$(BUILT_PRODUCTS_DIR)/CenteredAutoLayoutButton.app/CenteredAutoLayoutButton";
			};
			name = Debug;
		};
		3E0D4ECA199DB1E1004A83EF /* Release */ = {
			isa = XCBuildConfiguration;
			buildSettings = {
				BUNDLE_LOADER = "$(TEST_HOST)";
				FRAMEWORK_SEARCH_PATHS = (
					"$(SDKROOT)/Developer/Library/Frameworks",
					"$(inherited)",
				);
				INFOPLIST_FILE = CenteredAutoLayoutButtonTests/Info.plist;
				LD_RUNPATH_SEARCH_PATHS = "$(inherited) @executable_path/Frameworks @loader_path/Frameworks";
				PRODUCT_NAME = "$(TARGET_NAME)";
				TEST_HOST = "$(BUILT_PRODUCTS_DIR)/CenteredAutoLayoutButton.app/CenteredAutoLayoutButton";
			};
			name = Release;
		};
/* End XCBuildConfiguration section */

/* Begin XCConfigurationList section */
		3E0D4EA4199DB1E0004A83EF /* Build configuration list for PBXProject "CenteredAutoLayoutButton" */ = {
			isa = XCConfigurationList;
			buildConfigurations = (
				3E0D4EC3199DB1E1004A83EF /* Debug */,
				3E0D4EC4199DB1E1004A83EF /* Release */,
			);
			defaultConfigurationIsVisible = 0;
			defaultConfigurationName = Release;
		};
		3E0D4EC5199DB1E1004A83EF /* Build configuration list for PBXNativeTarget "CenteredAutoLayoutButton" */ = {
			isa = XCConfigurationList;
			buildConfigurations = (
				3E0D4EC6199DB1E1004A83EF /* Debug */,
				3E0D4EC7199DB1E1004A83EF /* Release */,
			);
			defaultConfigurationIsVisible = 0;
		};
		3E0D4EC8199DB1E1004A83EF /* Build configuration list for PBXNativeTarget "CenteredAutoLayoutButtonTests" */ = {
			isa = XCConfigurationList;
			buildConfigurations = (
				3E0D4EC9199DB1E1004A83EF /* Debug */,
				3E0D4ECA199DB1E1004A83EF /* Release */,
			);
			defaultConfigurationIsVisible = 0;
		};
/* End XCConfigurationList section */
	};
	rootObject = 3E0D4EA1199DB1E0004A83EF /* Project object */;
}
