// !$*UTF8*$!
{
	archiveVersion = 1;
	classes = {
	};
	objectVersion = 46;
	objects = {

/* Begin PBXBuildFile section */
		3EBBE93D1AF2B37600FF605F /* AppDelegate.swift in Sources */ = {isa = PBXBuildFile; fileRef = 3EBBE93C1AF2B37600FF605F /* AppDelegate.swift */; };
		3EBBE93F1AF2B37600FF605F /* ViewController.swift in Sources */ = {isa = PBXBuildFile; fileRef = 3EBBE93E1AF2B37600FF605F /* ViewController.swift */; };
		3EBBE9421AF2B37600FF605F /* Main.storyboard in Resources */ = {isa = PBXBuildFile; fileRef = 3EBBE9401AF2B37600FF605F /* Main.storyboard */; };
		3EBBE9441AF2B37600FF605F /* Images.xcassets in Resources */ = {isa = PBXBuildFile; fileRef = 3EBBE9431AF2B37600FF605F /* Images.xcassets */; };
		3EBBE9471AF2B37600FF605F /* LaunchScreen.xib in Resources */ = {isa = PBXBuildFile; fileRef = 3EBBE9451AF2B37600FF605F /* LaunchScreen.xib */; };
		3EBBE9531AF2B37600FF605F /* TransitionWithViewAndLabelsTests.swift in Sources */ = {isa = PBXBuildFile; fileRef = 3EBBE9521AF2B37600FF605F /* TransitionWithViewAndLabelsTests.swift */; };
/* End PBXBuildFile section */

/* Begin PBXContainerItemProxy section */
		3EBBE94D1AF2B37600FF605F /* PBXContainerItemProxy */ = {
			isa = PBXContainerItemProxy;
			containerPortal = 3EBBE92F1AF2B37600FF605F /* Project object */;
			proxyType = 1;
			remoteGlobalIDString = 3EBBE9361AF2B37600FF605F;
			remoteInfo = TransitionWithViewAndLabels;
		};
/* End PBXContainerItemProxy section */

/* Begin PBXFileReference section */
		3EBBE9371AF2B37600FF605F /* TransitionWithViewAndLabels.app */ = {isa = PBXFileReference; explicitFileType = wrapper.application; includeInIndex = 0; path = TransitionWithViewAndLabels.app; sourceTree = BUILT_PRODUCTS_DIR; };
		3EBBE93B1AF2B37600FF605F /* Info.plist */ = {isa = PBXFileReference; lastKnownFileType = text.plist.xml; path = Info.plist; sourceTree = "<group>"; };
		3EBBE93C1AF2B37600FF605F /* AppDelegate.swift */ = {isa = PBXFileReference; lastKnownFileType = sourcecode.swift; path = AppDelegate.swift; sourceTree = "<group>"; };
		3EBBE93E1AF2B37600FF605F /* ViewController.swift */ = {isa = PBXFileReference; lastKnownFileType = sourcecode.swift; path = ViewController.swift; sourceTree = "<group>"; };
		3EBBE9411AF2B37600FF605F /* Base */ = {isa = PBXFileReference; lastKnownFileType = file.storyboard; name = Base; path = Base.lproj/Main.storyboard; sourceTree = "<group>"; };
		3EBBE9431AF2B37600FF605F /* Images.xcassets */ = {isa = PBXFileReference; lastKnownFileType = folder.assetcatalog; path = Images.xcassets; sourceTree = "<group>"; };
		3EBBE9461AF2B37600FF605F /* Base */ = {isa = PBXFileReference; lastKnownFileType = file.xib; name = Base; path = Base.lproj/LaunchScreen.xib; sourceTree = "<group>"; };
		3EBBE94C1AF2B37600FF605F /* TransitionWithViewAndLabelsTests.xctest */ = {isa = PBXFileReference; explicitFileType = wrapper.cfbundle; includeInIndex = 0; path = TransitionWithViewAndLabelsTests.xctest; sourceTree = BUILT_PRODUCTS_DIR; };
		3EBBE9511AF2B37600FF605F /* Info.plist */ = {isa = PBXFileReference; lastKnownFileType = text.plist.xml; path = Info.plist; sourceTree = "<group>"; };
		3EBBE9521AF2B37600FF605F /* TransitionWithViewAndLabelsTests.swift */ = {isa = PBXFileReference; lastKnownFileType = sourcecode.swift; path = TransitionWithViewAndLabelsTests.swift; sourceTree = "<group>"; };
/* End PBXFileReference section */

/* Begin PBXFrameworksBuildPhase section */
		3EBBE9341AF2B37600FF605F /* Frameworks */ = {
			isa = PBXFrameworksBuildPhase;
			buildActionMask = 2147483647;
			files = (
			);
			runOnlyForDeploymentPostprocessing = 0;
		};
		3EBBE9491AF2B37600FF605F /* Frameworks */ = {
			isa = PBXFrameworksBuildPhase;
			buildActionMask = 2147483647;
			files = (
			);
			runOnlyForDeploymentPostprocessing = 0;
		};
/* End PBXFrameworksBuildPhase section */

/* Begin PBXGroup section */
		3EBBE92E1AF2B37600FF605F = {
			isa = PBXGroup;
			children = (
				3EBBE9391AF2B37600FF605F /* TransitionWithViewAndLabels */,
				3EBBE94F1AF2B37600FF605F /* TransitionWithViewAndLabelsTests */,
				3EBBE9381AF2B37600FF605F /* Products */,
			);
			sourceTree = "<group>";
		};
		3EBBE9381AF2B37600FF605F /* Products */ = {
			isa = PBXGroup;
			children = (
				3EBBE9371AF2B37600FF605F /* TransitionWithViewAndLabels.app */,
				3EBBE94C1AF2B37600FF605F /* TransitionWithViewAndLabelsTests.xctest */,
			);
			name = Products;
			sourceTree = "<group>";
		};
		3EBBE9391AF2B37600FF605F /* TransitionWithViewAndLabels */ = {
			isa = PBXGroup;
			children = (
				3EBBE93C1AF2B37600FF605F /* AppDelegate.swift */,
				3EBBE93E1AF2B37600FF605F /* ViewController.swift */,
				3EBBE9401AF2B37600FF605F /* Main.storyboard */,
				3EBBE9431AF2B37600FF605F /* Images.xcassets */,
				3EBBE9451AF2B37600FF605F /* LaunchScreen.xib */,
				3EBBE93A1AF2B37600FF605F /* Supporting Files */,
			);
			path = TransitionWithViewAndLabels;
			sourceTree = "<group>";
		};
		3EBBE93A1AF2B37600FF605F /* Supporting Files */ = {
			isa = PBXGroup;
			children = (
				3EBBE93B1AF2B37600FF605F /* Info.plist */,
			);
			name = "Supporting Files";
			sourceTree = "<group>";
		};
		3EBBE94F1AF2B37600FF605F /* TransitionWithViewAndLabelsTests */ = {
			isa = PBXGroup;
			children = (
				3EBBE9521AF2B37600FF605F /* TransitionWithViewAndLabelsTests.swift */,
				3EBBE9501AF2B37600FF605F /* Supporting Files */,
			);
			path = TransitionWithViewAndLabelsTests;
			sourceTree = "<group>";
		};
		3EBBE9501AF2B37600FF605F /* Supporting Files */ = {
			isa = PBXGroup;
			children = (
				3EBBE9511AF2B37600FF605F /* Info.plist */,
			);
			name = "Supporting Files";
			sourceTree = "<group>";
		};
/* End PBXGroup section */

/* Begin PBXNativeTarget section */
		3EBBE9361AF2B37600FF605F /* TransitionWithViewAndLabels */ = {
			isa = PBXNativeTarget;
			buildConfigurationList = 3EBBE9561AF2B37600FF605F /* Build configuration list for PBXNativeTarget "TransitionWithViewAndLabels" */;
			buildPhases = (
				3EBBE9331AF2B37600FF605F /* Sources */,
				3EBBE9341AF2B37600FF605F /* Frameworks */,
				3EBBE9351AF2B37600FF605F /* Resources */,
			);
			buildRules = (
			);
			dependencies = (
			);
			name = TransitionWithViewAndLabels;
			productName = TransitionWithViewAndLabels;
			productReference = 3EBBE9371AF2B37600FF605F /* TransitionWithViewAndLabels.app */;
			productType = "com.apple.product-type.application";
		};
		3EBBE94B1AF2B37600FF605F /* TransitionWithViewAndLabelsTests */ = {
			isa = PBXNativeTarget;
			buildConfigurationList = 3EBBE9591AF2B37600FF605F /* Build configuration list for PBXNativeTarget "TransitionWithViewAndLabelsTests" */;
			buildPhases = (
				3EBBE9481AF2B37600FF605F /* Sources */,
				3EBBE9491AF2B37600FF605F /* Frameworks */,
				3EBBE94A1AF2B37600FF605F /* Resources */,
			);
			buildRules = (
			);
			dependencies = (
				3EBBE94E1AF2B37600FF605F /* PBXTargetDependency */,
			);
			name = TransitionWithViewAndLabelsTests;
			productName = TransitionWithViewAndLabelsTests;
			productReference = 3EBBE94C1AF2B37600FF605F /* TransitionWithViewAndLabelsTests.xctest */;
			productType = "com.apple.product-type.bundle.unit-test";
		};
/* End PBXNativeTarget section */

/* Begin PBXProject section */
		3EBBE92F1AF2B37600FF605F /* Project object */ = {
			isa = PBXProject;
			attributes = {
				LastUpgradeCheck = 0630;
				ORGANIZATIONNAME = h4labs;
				TargetAttributes = {
					3EBBE9361AF2B37600FF605F = {
						CreatedOnToolsVersion = 6.3.1;
					};
					3EBBE94B1AF2B37600FF605F = {
						CreatedOnToolsVersion = 6.3.1;
						TestTargetID = 3EBBE9361AF2B37600FF605F;
					};
				};
			};
			buildConfigurationList = 3EBBE9321AF2B37600FF605F /* Build configuration list for PBXProject "TransitionWithViewAndLabels" */;
			compatibilityVersion = "Xcode 3.2";
			developmentRegion = English;
			hasScannedForEncodings = 0;
			knownRegions = (
				en,
				Base,
			);
			mainGroup = 3EBBE92E1AF2B37600FF605F;
			productRefGroup = 3EBBE9381AF2B37600FF605F /* Products */;
			projectDirPath = "";
			projectRoot = "";
			targets = (
				3EBBE9361AF2B37600FF605F /* TransitionWithViewAndLabels */,
				3EBBE94B1AF2B37600FF605F /* TransitionWithViewAndLabelsTests */,
			);
		};
/* End PBXProject section */

/* Begin PBXResourcesBuildPhase section */
		3EBBE9351AF2B37600FF605F /* Resources */ = {
			isa = PBXResourcesBuildPhase;
			buildActionMask = 2147483647;
			files = (
				3EBBE9421AF2B37600FF605F /* Main.storyboard in Resources */,
				3EBBE9471AF2B37600FF605F /* LaunchScreen.xib in Resources */,
				3EBBE9441AF2B37600FF605F /* Images.xcassets in Resources */,
			);
			runOnlyForDeploymentPostprocessing = 0;
		};
		3EBBE94A1AF2B37600FF605F /* Resources */ = {
			isa = PBXResourcesBuildPhase;
			buildActionMask = 2147483647;
			files = (
			);
			runOnlyForDeploymentPostprocessing = 0;
		};
/* End PBXResourcesBuildPhase section */

/* Begin PBXSourcesBuildPhase section */
		3EBBE9331AF2B37600FF605F /* Sources */ = {
			isa = PBXSourcesBuildPhase;
			buildActionMask = 2147483647;
			files = (
				3EBBE93F1AF2B37600FF605F /* ViewController.swift in Sources */,
				3EBBE93D1AF2B37600FF605F /* AppDelegate.swift in Sources */,
			);
			runOnlyForDeploymentPostprocessing = 0;
		};
		3EBBE9481AF2B37600FF605F /* Sources */ = {
			isa = PBXSourcesBuildPhase;
			buildActionMask = 2147483647;
			files = (
				3EBBE9531AF2B37600FF605F /* TransitionWithViewAndLabelsTests.swift in Sources */,
			);
			runOnlyForDeploymentPostprocessing = 0;
		};
/* End PBXSourcesBuildPhase section */

/* Begin PBXTargetDependency section */
		3EBBE94E1AF2B37600FF605F /* PBXTargetDependency */ = {
			isa = PBXTargetDependency;
			target = 3EBBE9361AF2B37600FF605F /* TransitionWithViewAndLabels */;
			targetProxy = 3EBBE94D1AF2B37600FF605F /* PBXContainerItemProxy */;
		};
/* End PBXTargetDependency section */

/* Begin PBXVariantGroup section */
		3EBBE9401AF2B37600FF605F /* Main.storyboard */ = {
			isa = PBXVariantGroup;
			children = (
				3EBBE9411AF2B37600FF605F /* Base */,
			);
			name = Main.storyboard;
			sourceTree = "<group>";
		};
		3EBBE9451AF2B37600FF605F /* LaunchScreen.xib */ = {
			isa = PBXVariantGroup;
			children = (
				3EBBE9461AF2B37600FF605F /* Base */,
			);
			name = LaunchScreen.xib;
			sourceTree = "<group>";
		};
/* End PBXVariantGroup section */

/* Begin XCBuildConfiguration section */
		3EBBE9541AF2B37600FF605F /* Debug */ = {
			isa = XCBuildConfiguration;
			buildSettings = {
				ALWAYS_SEARCH_USER_PATHS = NO;
				CLANG_CXX_LANGUAGE_STANDARD = "gnu++0x";
				CLANG_CXX_LIBRARY = "libc++";
				CLANG_ENABLE_MODULES = YES;
				CLANG_ENABLE_OBJC_ARC = YES;
				CLANG_WARN_BOOL_CONVERSION = YES;
				CLANG_WARN_CONSTANT_CONVERSION = YES;
				CLANG_WARN_DIRECT_OBJC_ISA_USAGE = YES_ERROR;
				CLANG_WARN_EMPTY_BODY = YES;
				CLANG_WARN_ENUM_CONVERSION = YES;
				CLANG_WARN_INT_CONVERSION = YES;
				CLANG_WARN_OBJC_ROOT_CLASS = YES_ERROR;
				CLANG_WARN_UNREACHABLE_CODE = YES;
				CLANG_WARN__DUPLICATE_METHOD_MATCH = YES;
				"CODE_SIGN_IDENTITY[sdk=iphoneos*]" = "iPhone Developer";
				COPY_PHASE_STRIP = NO;
				DEBUG_INFORMATION_FORMAT = "dwarf-with-dsym";
				ENABLE_STRICT_OBJC_MSGSEND = YES;
				GCC_C_LANGUAGE_STANDARD = gnu99;
				GCC_DYNAMIC_NO_PIC = NO;
				GCC_NO_COMMON_BLOCKS = YES;
				GCC_OPTIMIZATION_LEVEL = 0;
				GCC_PREPROCESSOR_DEFINITIONS = (
					"DEBUG=1",
					"$(inherited)",
				);
				GCC_SYMBOLS_PRIVATE_EXTERN = NO;
				GCC_WARN_64_TO_32_BIT_CONVERSION = YES;
				GCC_WARN_ABOUT_RETURN_TYPE = YES_ERROR;
				GCC_WARN_UNDECLARED_SELECTOR = YES;
				GCC_WARN_UNINITIALIZED_AUTOS = YES_AGGRESSIVE;
				GCC_WARN_UNUSED_FUNCTION = YES;
				GCC_WARN_UNUSED_VARIABLE = YES;
				IPHONEOS_DEPLOYMENT_TARGET = 8.3;
				MTL_ENABLE_DEBUG_INFO = YES;
				ONLY_ACTIVE_ARCH = YES;
				SDKROOT = iphoneos;
				SWIFT_OPTIMIZATION_LEVEL = "-Onone";
				TARGETED_DEVICE_FAMILY = "1,2";
			};
			name = Debug;
		};
		3EBBE9551AF2B37600FF605F /* Release */ = {
			isa = XCBuildConfiguration;
			buildSettings = {
				ALWAYS_SEARCH_USER_PATHS = NO;
				CLANG_CXX_LANGUAGE_STANDARD = "gnu++0x";
				CLANG_CXX_LIBRARY = "libc++";
				CLANG_ENABLE_MODULES = YES;
				CLANG_ENABLE_OBJC_ARC = YES;
				CLANG_WARN_BOOL_CONVERSION = YES;
				CLANG_WARN_CONSTANT_CONVERSION = YES;
				CLANG_WARN_DIRECT_OBJC_ISA_USAGE = YES_ERROR;
				CLANG_WARN_EMPTY_BODY = YES;
				CLANG_WARN_ENUM_CONVERSION = YES;
				CLANG_WARN_INT_CONVERSION = YES;
				CLANG_WARN_OBJC_ROOT_CLASS = YES_ERROR;
				CLANG_WARN_UNREACHABLE_CODE = YES;
				CLANG_WARN__DUPLICATE_METHOD_MATCH = YES;
				"CODE_SIGN_IDENTITY[sdk=iphoneos*]" = "iPhone Developer";
				COPY_PHASE_STRIP = NO;
				DEBUG_INFORMATION_FORMAT = "dwarf-with-dsym";
				ENABLE_NS_ASSERTIONS = NO;
				ENABLE_STRICT_OBJC_MSGSEND = YES;
				GCC_C_LANGUAGE_STANDARD = gnu99;
				GCC_NO_COMMON_BLOCKS = YES;
				GCC_WARN_64_TO_32_BIT_CONVERSION = YES;
				GCC_WARN_ABOUT_RETURN_TYPE = YES_ERROR;
				GCC_WARN_UNDECLARED_SELECTOR = YES;
				GCC_WARN_UNINITIALIZED_AUTOS = YES_AGGRESSIVE;
				GCC_WARN_UNUSED_FUNCTION = YES;
				GCC_WARN_UNUSED_VARIABLE = YES;
				IPHONEOS_DEPLOYMENT_TARGET = 8.3;
				MTL_ENABLE_DEBUG_INFO = NO;
				SDKROOT = iphoneos;
				TARGETED_DEVICE_FAMILY = "1,2";
				VALIDATE_PRODUCT = YES;
			};
			name = Release;
		};
		3EBBE9571AF2B37600FF605F /* Debug */ = {
			isa = XCBuildConfiguration;
			buildSettings = {
				ASSETCATALOG_COMPILER_APPICON_NAME = AppIcon;
				INFOPLIST_FILE = TransitionWithViewAndLabels/Info.plist;
				LD_RUNPATH_SEARCH_PATHS = "$(inherited) @executable_path/Frameworks";
				PRODUCT_NAME = "$(TARGET_NAME)";
			};
			name = Debug;
		};
		3EBBE9581AF2B37600FF605F /* Release */ = {
			isa = XCBuildConfiguration;
			buildSettings = {
				ASSETCATALOG_COMPILER_APPICON_NAME = AppIcon;
				INFOPLIST_FILE = TransitionWithViewAndLabels/Info.plist;
				LD_RUNPATH_SEARCH_PATHS = "$(inherited) @executable_path/Frameworks";
				PRODUCT_NAME = "$(TARGET_NAME)";
			};
			name = Release;
		};
		3EBBE95A1AF2B37600FF605F /* Debug */ = {
			isa = XCBuildConfiguration;
			buildSettings = {
				BUNDLE_LOADER = "$(TEST_HOST)";
				FRAMEWORK_SEARCH_PATHS = (
					"$(SDKROOT)/Developer/Library/Frameworks",
					"$(inherited)",
				);
				GCC_PREPROCESSOR_DEFINITIONS = (
					"DEBUG=1",
					"$(inherited)",
				);
				INFOPLIST_FILE = TransitionWithViewAndLabelsTests/Info.plist;
				LD_RUNPATH_SEARCH_PATHS = "$(inherited) @executable_path/Frameworks @loader_path/Frameworks";
				PRODUCT_NAME = "$(TARGET_NAME)";
				TEST_HOST = "$(BUILT_PRODUCTS_DIR)/TransitionWithViewAndLabels.app/TransitionWithViewAndLabels";
			};
			name = Debug;
		};
		3EBBE95B1AF2B37600FF605F /* Release */ = {
			isa = XCBuildConfiguration;
			buildSettings = {
				BUNDLE_LOADER = "$(TEST_HOST)";
				FRAMEWORK_SEARCH_PATHS = (
					"$(SDKROOT)/Developer/Library/Frameworks",
					"$(inherited)",
				);
				INFOPLIST_FILE = TransitionWithViewAndLabelsTests/Info.plist;
				LD_RUNPATH_SEARCH_PATHS = "$(inherited) @executable_path/Frameworks @loader_path/Frameworks";
				PRODUCT_NAME = "$(TARGET_NAME)";
				TEST_HOST = "$(BUILT_PRODUCTS_DIR)/TransitionWithViewAndLabels.app/TransitionWithViewAndLabels";
			};
			name = Release;
		};
/* End XCBuildConfiguration section */

/* Begin XCConfigurationList section */
		3EBBE9321AF2B37600FF605F /* Build configuration list for PBXProject "TransitionWithViewAndLabels" */ = {
			isa = XCConfigurationList;
			buildConfigurations = (
				3EBBE9541AF2B37600FF605F /* Debug */,
				3EBBE9551AF2B37600FF605F /* Release */,
			);
			defaultConfigurationIsVisible = 0;
			defaultConfigurationName = Release;
		};
		3EBBE9561AF2B37600FF605F /* Build configuration list for PBXNativeTarget "TransitionWithViewAndLabels" */ = {
			isa = XCConfigurationList;
			buildConfigurations = (
				3EBBE9571AF2B37600FF605F /* Debug */,
				3EBBE9581AF2B37600FF605F /* Release */,
			);
			defaultConfigurationIsVisible = 0;
		};
		3EBBE9591AF2B37600FF605F /* Build configuration list for PBXNativeTarget "TransitionWithViewAndLabelsTests" */ = {
			isa = XCConfigurationList;
			buildConfigurations = (
				3EBBE95A1AF2B37600FF605F /* Debug */,
				3EBBE95B1AF2B37600FF605F /* Release */,
			);
			defaultConfigurationIsVisible = 0;
		};
/* End XCConfigurationList section */
	};
	rootObject = 3EBBE92F1AF2B37600FF605F /* Project object */;
}
